
Microsoft Visual Studio Solution File, Format Version 12.00
# Visual Studio Version 17
VisualStudioVersion = 17.3.32825.248
MinimumVisualStudioVersion = 10.0.40219.1
Project("{FAE04EC0-301F-11D3-BF4B-00C04F79EFBC}") = "HyperSyncInteractiveApi", "HyperSyncInteractiveApi\HyperSyncInteractiveApi.csproj", "{F3C7B326-A1ED-4EAD-B3D1-E70485812B39}"
EndProject
Project("{FAE04EC0-301F-11D3-BF4B-00C04F79EFBC}") = "HyperSyncIntercativeApiEntry", "HyperSyncIntercativeApiEntry\HyperSyncIntercativeApiEntry.csproj", "{F5F5CA5F-AF56-4572-9643-ADD9AD42A489}"
EndProject
Global
	GlobalSection(SolutionConfigurationPlatforms) = preSolution
		Debug|Any CPU = Debug|Any CPU
		Release|Any CPU = Release|Any CPU
	EndGlobalSection
	GlobalSection(ProjectConfigurationPlatforms) = postSolution
		{F3C7B326-A1ED-4EAD-B3D1-E70485812B39}.Debug|Any CPU.ActiveCfg = Debug|Any CPU
		{F3C7B326-A1ED-4EAD-B3D1-E70485812B39}.Debug|Any CPU.Build.0 = Debug|Any CPU
		{F3C7B326-A1ED-4EAD-B3D1-E70485812B39}.Release|Any CPU.ActiveCfg = Release|Any CPU
		{F3C7B326-A1ED-4EAD-B3D1-E70485812B39}.Release|Any CPU.Build.0 = Release|Any CPU
		{F5F5CA5F-AF56-4572-9643-ADD9AD42A489}.Debug|Any CPU.ActiveCfg = Debug|Any CPU
		{F5F5CA5F-AF56-4572-9643-ADD9AD42A489}.Debug|Any CPU.Build.0 = Debug|Any CPU
		{F5F5CA5F-AF56-4572-9643-ADD9AD42A489}.Release|Any CPU.ActiveCfg = Release|Any CPU
		{F5F5CA5F-AF56-4572-9643-ADD9AD42A489}.Release|Any CPU.Build.0 = Release|Any CPU
	EndGlobalSection
	GlobalSection(SolutionProperties) = preSolution
		HideSolutionNode = FALSE
	EndGlobalSection
	GlobalSection(ExtensibilityGlobals) = postSolution
		SolutionGuid = {DB0F8E8F-F833-4AB2-BE9D-9323E3837D0B}
	EndGlobalSection
EndGlobal
